
Microsoft Visual Studio Solution File, Format Version 12.00
# Visual Studio 14
VisualStudioVersion = 14.0.25420.1
MinimumVisualStudioVersion = 10.0.40219.1
Project("{FAE04EC0-301F-11D3-BF4B-00C04F79EFBC}") = "PracticeGenerics", "PracticeGenerics\PracticeGenerics.csproj", "{08B1D96C-0661-417B-AD9F-A2F554DC767B}"
EndProject
Global
	GlobalSection(SolutionConfigurationPlatforms) = preSolution
		Debug|Any CPU = Debug|Any CPU
		Release|Any CPU = Release|Any CPU
	EndGlobalSection
	GlobalSection(ProjectConfigurationPlatforms) = postSolution
		{08B1D96C-0661-417B-AD9F-A2F554DC767B}.Debug|Any CPU.ActiveCfg = Debug|Any CPU
		{08B1D96C-0661-417B-AD9F-A2F554DC767B}.Debug|Any CPU.Build.0 = Debug|Any CPU
		{08B1D96C-0661-417B-AD9F-A2F554DC767B}.Release|Any CPU.ActiveCfg = Release|Any CPU
		{08B1D96C-0661-417B-AD9F-A2F554DC767B}.Release|Any CPU.Build.0 = Release|Any CPU
	EndGlobalSection
	GlobalSection(SolutionProperties) = preSolution
		HideSolutionNode = FALSE
	EndGlobalSection
EndGlobal
